
Microsoft Visual Studio Solution File, Format Version 12.00
# Visual Studio Version 17
VisualStudioVersion = 17.11.35208.52
MinimumVisualStudioVersion = 10.0.40219.1
Project("{FAE04EC0-301F-11D3-BF4B-00C04F79EFBC}") = "ThuyLoiHaTinhAPI", "ThuyLoiHaTinhAPI\ThuyLoiHaTinhAPI.csproj", "{55705D88-8FFE-4AC8-89FF-E82C64CBBA28}"
EndProject
Global
	GlobalSection(SolutionConfigurationPlatforms) = preSolution
		Debug|Any CPU = Debug|Any CPU
		Release|Any CPU = Release|Any CPU
	EndGlobalSection
	GlobalSection(ProjectConfigurationPlatforms) = postSolution
		{55705D88-8FFE-4AC8-89FF-E82C64CBBA28}.Debug|Any CPU.ActiveCfg = Debug|Any CPU
		{55705D88-8FFE-4AC8-89FF-E82C64CBBA28}.Debug|Any CPU.Build.0 = Debug|Any CPU
		{55705D88-8FFE-4AC8-89FF-E82C64CBBA28}.Release|Any CPU.ActiveCfg = Release|Any CPU
		{55705D88-8FFE-4AC8-89FF-E82C64CBBA28}.Release|Any CPU.Build.0 = Release|Any CPU
	EndGlobalSection
	GlobalSection(SolutionProperties) = preSolution
		HideSolutionNode = FALSE
	EndGlobalSection
	GlobalSection(ExtensibilityGlobals) = postSolution
		SolutionGuid = {B5AD32E2-E08E-447C-825A-17B443B2AD58}
	EndGlobalSection
EndGlobal
